
Microsoft Visual Studio Solution File, Format Version 12.00
Project("{FAE04EC0-301F-11D3-BF4B-00C04F79EFBC}") = "ChattingApp", "ChattingApp\ChattingApp.csproj", "{0354943B-97CB-4220-9CF5-D3A6A3C66C2B}"
EndProject
Global
	GlobalSection(SolutionConfigurationPlatforms) = preSolution
		Debug|Any CPU = Debug|Any CPU
		Release|Any CPU = Release|Any CPU
	EndGlobalSection
	GlobalSection(ProjectConfigurationPlatforms) = postSolution
		{0354943B-97CB-4220-9CF5-D3A6A3C66C2B}.Debug|Any CPU.ActiveCfg = Debug|Any CPU
		{0354943B-97CB-4220-9CF5-D3A6A3C66C2B}.Debug|Any CPU.Build.0 = Debug|Any CPU
		{0354943B-97CB-4220-9CF5-D3A6A3C66C2B}.Release|Any CPU.ActiveCfg = Release|Any CPU
		{0354943B-97CB-4220-9CF5-D3A6A3C66C2B}.Release|Any CPU.Build.0 = Release|Any CPU
	EndGlobalSection
EndGlobal
